
Microsoft Visual Studio Solution File, Format Version 12.00
# Visual Studio Version 17
VisualStudioVersion = 17.9.34723.18
MinimumVisualStudioVersion = 10.0.40219.1
Project("{9A19103F-16F7-4668-BE54-9A1E7A4F7556}") = "SocialPlatform.Core", "SocialPlatform.Core\SocialPlatform.Core.csproj", "{03CE544C-F319-4215-A270-FBF144DABDF9}"
EndProject
Project("{9A19103F-16F7-4668-BE54-9A1E7A4F7556}") = "SocialPlatform.Data", "SocialPlatform.Data\SocialPlatform.Data.csproj", "{8E131EF0-1F8F-4297-9520-D67F3C676C06}"
	ProjectSection(ProjectDependencies) = postProject
		{03CE544C-F319-4215-A270-FBF144DABDF9} = {03CE544C-F319-4215-A270-FBF144DABDF9}
	EndProjectSection
EndProject
Project("{9A19103F-16F7-4668-BE54-9A1E7A4F7556}") = "SocialPlatform.Service", "SocialPlatform.Service\SocialPlatform.Service.csproj", "{EEFC82B7-E6E5-4228-ACFC-1D58968240C0}"
EndProject
Project("{9A19103F-16F7-4668-BE54-9A1E7A4F7556}") = "SocialPlatform", "SocialPlatform.API\SocialPlatform.csproj", "{96B00B8A-2558-406E-A735-FA7B305D8314}"
EndProject
Global
	GlobalSection(SolutionConfigurationPlatforms) = preSolution
		Debug|Any CPU = Debug|Any CPU
		Release|Any CPU = Release|Any CPU
	EndGlobalSection
	GlobalSection(ProjectConfigurationPlatforms) = postSolution
		{03CE544C-F319-4215-A270-FBF144DABDF9}.Debug|Any CPU.ActiveCfg = Debug|Any CPU
		{03CE544C-F319-4215-A270-FBF144DABDF9}.Debug|Any CPU.Build.0 = Debug|Any CPU
		{03CE544C-F319-4215-A270-FBF144DABDF9}.Release|Any CPU.ActiveCfg = Release|Any CPU
		{03CE544C-F319-4215-A270-FBF144DABDF9}.Release|Any CPU.Build.0 = Release|Any CPU
		{8E131EF0-1F8F-4297-9520-D67F3C676C06}.Debug|Any CPU.ActiveCfg = Debug|Any CPU
		{8E131EF0-1F8F-4297-9520-D67F3C676C06}.Debug|Any CPU.Build.0 = Debug|Any CPU
		{8E131EF0-1F8F-4297-9520-D67F3C676C06}.Release|Any CPU.ActiveCfg = Release|Any CPU
		{8E131EF0-1F8F-4297-9520-D67F3C676C06}.Release|Any CPU.Build.0 = Release|Any CPU
		{EEFC82B7-E6E5-4228-ACFC-1D58968240C0}.Debug|Any CPU.ActiveCfg = Debug|Any CPU
		{EEFC82B7-E6E5-4228-ACFC-1D58968240C0}.Debug|Any CPU.Build.0 = Debug|Any CPU
		{EEFC82B7-E6E5-4228-ACFC-1D58968240C0}.Release|Any CPU.ActiveCfg = Release|Any CPU
		{EEFC82B7-E6E5-4228-ACFC-1D58968240C0}.Release|Any CPU.Build.0 = Release|Any CPU
		{96B00B8A-2558-406E-A735-FA7B305D8314}.Debug|Any CPU.ActiveCfg = Debug|Any CPU
		{96B00B8A-2558-406E-A735-FA7B305D8314}.Debug|Any CPU.Build.0 = Debug|Any CPU
		{96B00B8A-2558-406E-A735-FA7B305D8314}.Release|Any CPU.ActiveCfg = Release|Any CPU
		{96B00B8A-2558-406E-A735-FA7B305D8314}.Release|Any CPU.Build.0 = Release|Any CPU
	EndGlobalSection
	GlobalSection(SolutionProperties) = preSolution
		HideSolutionNode = FALSE
	EndGlobalSection
	GlobalSection(ExtensibilityGlobals) = postSolution
		SolutionGuid = {719032CF-FC78-4BCB-82F8-ED77980752DA}
	EndGlobalSection
EndGlobal
